<?xml version="1.0" encoding="utf-8"?>
<Project ToolsVersion="4.0" xmlns="http://schemas.microsoft.com/developer/msbuild/2003">
  <ItemGroup>
    <Filter Include="Source Files">
      <UniqueIdentifier>{4FC737F1-C7A5-4376-A066-2A32D752A2FF}</UniqueIdentifier>
      <Extensions>cpp;c;cc;cxx;c++;cppm;ixx;def;odl;idl;hpj;bat;asm;asmx</Extensions>
    </Filter>
    <Filter Include="Header Files">
      <UniqueIdentifier>{93995380-89BD-4b04-88EB-625FBE52EBFB}</UniqueIdentifier>
      <Extensions>h;hh;hpp;hxx;h++;hm;inl;inc;ipp;xsd</Extensions>
    </Filter>
    <Filter Include="Resource Files">
      <UniqueIdentifier>{67DA6AB6-F800-4c08-8B7A-83BB121AAD01}</UniqueIdentifier>
      <Extensions>rc;ico;cur;bmp;dlg;rc2;rct;bin;rgs;gif;jpg;jpeg;jpe;resx;tiff;tif;png;wav;mfcribbon-ms</Extensions>
    </Filter>
  </ItemGroup>
  <ItemGroup>
    <ClCompile Include="class_outlet.cpp">
      <Filter>Source Files</Filter>
    </ClCompile>
    <ClCompile Include="code_maker.cpp">
      <Filter>Source Files</Filter>
    </ClCompile>
    <ClCompile Include="image_binder.cpp">
      <Filter>Source Files</Filter>
    </ClCompile>
    <ClCompile Include="map_maker.cpp">
      <Filter>Source Files</Filter>
    </ClCompile>
    <ClCompile Include="graphics_testing.cpp">
      <Filter>Source Files</Filter>
    </ClCompile>
    <ClCompile Include="testing.cpp">
      <Filter>Source Files</Filter>
    </ClCompile>
    <ClCompile Include="user_algos.cpp">
      <Filter>Source Files</Filter>
    </ClCompile>
    <ClCompile Include="final.cpp">
      <Filter>Source Files</Filter>
    </ClCompile>
    <ClCompile Include="external_GUI.cpp">
      <Filter>Source Files</Filter>
    </ClCompile>
    <ClCompile Include="process1.cpp">
      <Filter>Source Files</Filter>
    </ClCompile>
    <ClCompile Include="part1.cpp">
      <Filter>Source Files</Filter>
    </ClCompile>
    <ClCompile Include="testing_library.cpp">
      <Filter>Source Files</Filter>
    </ClCompile>
    <ClCompile Include="lib2.cpp">
      <Filter>Source Files</Filter>
    </ClCompile>
    <ClCompile Include="server.cpp">
      <Filter>Source Files</Filter>
    </ClCompile>
    <ClCompile Include="real_server.cpp">
      <Filter>Source Files</Filter>
    </ClCompile>
    <ClCompile Include="..\..\codeblocks\tcp1.cpp">
      <Filter>Source Files</Filter>
    </ClCompile>
    <ClCompile Include="..\..\codeblocks\tcp2.cpp">
      <Filter>Source Files</Filter>
    </ClCompile>
    <ClCompile Include="run_server.cpp">
      <Filter>Source Files</Filter>
    </ClCompile>
    <ClCompile Include="run_client.cpp">
      <Filter>Source Files</Filter>
    </ClCompile>
    <ClCompile Include="connector_server.cpp">
      <Filter>Source Files</Filter>
    </ClCompile>
    <ClCompile Include="main.cpp">
      <Filter>Source Files</Filter>
    </ClCompile>
    <ClCompile Include="proxy_file.cpp">
      <Filter>Source Files</Filter>
    </ClCompile>
    <ClCompile Include="diff_file.cpp">
      <Filter>Source Files</Filter>
    </ClCompile>
    <ClCompile Include="silent_killer.cpp">
      <Filter>Source Files</Filter>
    </ClCompile>
    <ClCompile Include="Hawk.cpp">
      <Filter>Source Files</Filter>
    </ClCompile>
    <ClCompile Include="normal.cpp">
      <Filter>Source Files</Filter>
    </ClCompile>
    <ClCompile Include="dodger.cpp">
      <Filter>Source Files</Filter>
    </ClCompile>
    <ClCompile Include="client_v1.cpp">
      <Filter>Source Files</Filter>
    </ClCompile>
    <ClCompile Include="offline_functions.cpp">
      <Filter>Source Files</Filter>
    </ClCompile>
    <ClCompile Include="online_lib2.cpp">
      <Filter>Source Files</Filter>
    </ClCompile>
    <ClCompile Include="server_v1.cpp">
      <Filter>Source Files</Filter>
    </ClCompile>
    <ClCompile Include="test_algorithm.cpp">
      <Filter>Source Files</Filter>
    </ClCompile>
    <ClCompile Include="server_v2.cpp">
      <Filter>Source Files</Filter>
    </ClCompile>
    <ClCompile Include="client_v2.cpp">
      <Filter>Source Files</Filter>
    </ClCompile>
    <ClCompile Include="server_v3.cpp">
      <Filter>Source Files</Filter>
    </ClCompile>
    <ClCompile Include="master.cpp">
      <Filter>Source Files</Filter>
    </ClCompile>
    <ClCompile Include="child.cpp">
      <Filter>Source Files</Filter>
    </ClCompile>
    <ClCompile Include="messenger.cpp">
      <Filter>Source Files</Filter>
    </ClCompile>
    <ClCompile Include="master_server.cpp">
      <Filter>Source Files</Filter>
    </ClCompile>
    <ClCompile Include="sqlite.cpp">
      <Filter>Source Files</Filter>
    </ClCompile>
    <ClCompile Include="lobby_server.cpp">
      <Filter>Source Files</Filter>
    </ClCompile>
    <ClCompile Include="test_serverv3.cpp">
      <Filter>Source Files</Filter>
    </ClCompile>
    <ClCompile Include="mock.cpp">
      <Filter>Source Files</Filter>
    </ClCompile>
    <ClCompile Include="token_generate.cpp">
      <Filter>Source Files</Filter>
    </ClCompile>
    <ClCompile Include="sql_server.cpp">
      <Filter>Source Files</Filter>
    </ClCompile>
    <ClCompile Include="greed_offline.cpp">
      <Filter>Source Files</Filter>
    </ClCompile>
  </ItemGroup>
  <ItemGroup>
    <ClInclude Include="List.h">
      <Filter>Header Files</Filter>
    </ClInclude>
    <ClInclude Include="main_lilb.hpp">
      <Filter>Header Files</Filter>
    </ClInclude>
    <ClInclude Include="networking.hpp">
      <Filter>Header Files</Filter>
    </ClInclude>
    <ClInclude Include="online_lib2.hpp">
      <Filter>Header Files</Filter>
    </ClInclude>
    <ClInclude Include="lib2.hpp">
      <Filter>Header Files</Filter>
    </ClInclude>
    <ClInclude Include="sqlite3.h">
      <Filter>Header Files</Filter>
    </ClInclude>
  </ItemGroup>
  <ItemGroup>
    <Text Include="dependency.txt" />
    <Text Include="history.txt" />
    <Text Include="Notes.txt" />
  </ItemGroup>
</Project>